version = 1
requires-python = ">=3.7"

[[package]]
name = "colorama"
version = "0.4.1"
source = { registry = "https://pypi.org/simple" }
sdist = { url = "https://files.pythonhosted.org/packages/76/53/e785891dce0e2f2b9f4b4ff5bc6062a53332ed28833c7afede841f46a5db/colorama-0.4.1.tar.gz", hash = "sha256:05eed71e2e327246ad6b38c540c4a3117230b19679b875190486ddd2d721422d", size = 24104 }
wheels = [
    { url = "https://files.pythonhosted.org/packages/4f/a6/728666f39bfff1719fc94c481890b2106837da9318031f71a8424b662e12/colorama-0.4.1-py2.py3-none-any.whl", hash = "sha256:f8ac84de7840f5b9c4e3347b3c1eaa50f7e49c2b07596221daec5edaabbd7c48", size = 15471 },
]

[[package]]
name = "coverage"
version = "5.5"
source = { registry = "https://pypi.org/simple" }
sdist = { url = "https://files.pythonhosted.org/packages/38/df/d5e67851e83948def768d7fb1a0fd373665b20f56ff63ed220c6cd16cb11/coverage-5.5.tar.gz", hash = "sha256:ebe78fe9a0e874362175b02371bdfbee64d8edc42a044253ddf4ee7d3c15212c", size = 691258 }
wheels = [
    { url = "https://files.pythonhosted.org/packages/6b/a2/43dd30964103a7ff1fd03392a30a5b08105bc85d1bafbfc51023a1bb4fd3/coverage-5.5-cp310-cp310-macosx_10_14_x86_64.whl", hash = "sha256:8d0a0725ad7c1a0bcd8d1b437e191107d457e2ec1084b9f190630a4fb1af78e6", size = 207511 },
    { url = "https://files.pythonhosted.org/packages/d4/3e/4f6451b8b09a1eb2d0e7f61a3d7019bd98d556fc5343378f76e8905b2789/coverage-5.5-cp310-cp310-manylinux1_x86_64.whl", hash = "sha256:51cb9476a3987c8967ebab3f0fe144819781fca264f57f89760037a2ea191cb0", size = 238991 },
    { url = "https://files.pythonhosted.org/packages/a2/a2/10974646b530b043a04cfe3ffa38a0f3b31a04c3b19cc68b9627b2c8e8dc/coverage-5.5-cp310-cp310-win_amd64.whl", hash = "sha256:c0891a6a97b09c1f3e073a890514d5012eb256845c451bd48f7968ef939bf4ae", size = 211489 },
    { url = "https://files.pythonhosted.org/packages/52/44/5df49f3b462a0f5818a2f6f206d6523ff21ff9b21c1eb2906f8a31aa321c/coverage-5.5-cp37-cp37m-macosx_10_9_x86_64.whl", hash = "sha256:18ba8bbede96a2c3dde7b868de9dcbd55670690af0988713f0603f037848418a", size = 207448 },
    { url = "https://files.pythonhosted.org/packages/a9/59/47fbe1e2a5feae11798f1716cb63537ebe53d7314803f4aab5db3fee30d2/coverage-5.5-cp37-cp37m-manylinux1_i686.whl", hash = "sha256:2910f4d36a6a9b4214bb7038d537f015346f413a975d57ca6b43bf23d6563b53", size = 241167 },
    { url = "https://files.pythonhosted.org/packages/4e/37/542ba59cd801d82605d94130b3bf5c659d2449bee89556328333bcbdb6e8/coverage-5.5-cp37-cp37m-manylinux1_x86_64.whl", hash = "sha256:f0b278ce10936db1a37e6954e15a3730bea96a0997c26d7fee88e6c396c2086d", size = 242224 },
    { url = "https://files.pythonhosted.org/packages/89/c7/9ddfcf5f72cbbf959bb3db6b801901a4747c6261d9f2c2ccead2e4cd66ca/coverage-5.5-cp37-cp37m-manylinux2010_i686.whl", hash = "sha256:796c9c3c79747146ebd278dbe1e5c5c05dd6b10cc3bcb8389dfdf844f3ead638", size = 241169 },
    { url = "https://files.pythonhosted.org/packages/16/e0/fc9f7bd9b84e6b41d0aad1a113e36714aac0c0a9b307aca5f9af443bc50f/coverage-5.5-cp37-cp37m-manylinux2010_x86_64.whl", hash = "sha256:53194af30d5bad77fcba80e23a1441c71abfb3e01192034f8246e0d8f99528f3", size = 242230 },
    { url = "https://files.pythonhosted.org/packages/f3/70/798456621f7aadfabdba6be6146f0439c8381ec56153fbe80213e410c7f1/coverage-5.5-cp37-cp37m-win32.whl", hash = "sha256:184a47bbe0aa6400ed2d41d8e9ed868b8205046518c52464fde713ea06e3a74a", size = 210362 },
    { url = "https://files.pythonhosted.org/packages/82/b1/6e8aeedb94c7d0b154a0f36fe8f1b86c395f069ea54efba7e22123d816c0/coverage-5.5-cp37-cp37m-win_amd64.whl", hash = "sha256:2949cad1c5208b8298d5686d5a85b66aae46d73eec2c3e08c817dd3513e5848a", size = 211375 },
    { url = "https://files.pythonhosted.org/packages/b6/26/b53bf0fef1b4bce6f7d61fef10fbf924d943987d4c9e53c394ecebff3673/coverage-5.5-cp38-cp38-macosx_10_9_x86_64.whl", hash = "sha256:217658ec7187497e3f3ebd901afdca1af062b42cfe3e0dafea4cced3983739f6", size = 207633 },
    { url = "https://files.pythonhosted.org/packages/62/05/9f43545401929bd0f49a2e0e4e38f69f6f7a59c1be88d1f63c34aebd7684/coverage-5.5-cp38-cp38-manylinux1_i686.whl", hash = "sha256:1aa846f56c3d49205c952d8318e76ccc2ae23303351d9270ab220004c580cfe2", size = 243719 },
    { url = "https://files.pythonhosted.org/packages/2b/7c/841e2d203dd1df07ceba0f844e5011e4341ce854207687d4c4d68ab8ff95/coverage-5.5-cp38-cp38-manylinux1_x86_64.whl", hash = "sha256:24d4a7de75446be83244eabbff746d66b9240ae020ced65d060815fac3423759", size = 245320 },
    { url = "https://files.pythonhosted.org/packages/0a/eb/c6975d34252096a06883726f1898cd62da9b9ccafc2ed9a4f279fe45999e/coverage-5.5-cp38-cp38-manylinux2010_i686.whl", hash = "sha256:d1f8bf7b90ba55699b3a5e44930e93ff0189aa27186e96071fac7dd0d06a1873", size = 243721 },
    { url = "https://files.pythonhosted.org/packages/a4/3a/8f7b217265503eae2b0ea97e714e2709e1e84ee13cd3ca6abdff1e99e76c/coverage-5.5-cp38-cp38-manylinux2010_x86_64.whl", hash = "sha256:970284a88b99673ccb2e4e334cfb38a10aab7cd44f7457564d11898a74b62d0a", size = 245325 },
    { url = "https://files.pythonhosted.org/packages/15/a4/5d5b5e2001d384b97cdaf3f19f52370a5abe9a5b1db876c580418bcb1151/coverage-5.5-cp38-cp38-win32.whl", hash = "sha256:01d84219b5cdbfc8122223b39a954820929497a1cb1422824bb86b07b74594b6", size = 210316 },
    { url = "https://files.pythonhosted.org/packages/e9/92/45878381df409a4b5e5a6399e522964cfd4e6976d07f6300e97eebd6e307/coverage-5.5-cp38-cp38-win_amd64.whl", hash = "sha256:2e0d881ad471768bf6e6c2bf905d183543f10098e3b3640fc029509530091502", size = 211496 },
    { url = "https://files.pythonhosted.org/packages/0d/8a/3b13c4e1f241a7083a4ee9986b969f0238f41dcd7a8990c786bc3b4b5b19/coverage-5.5-cp39-cp39-macosx_10_9_x86_64.whl", hash = "sha256:d1f9ce122f83b2305592c11d64f181b87153fc2c2bbd3bb4a3dde8303cfb1a6b", size = 207640 },
    { url = "https://files.pythonhosted.org/packages/1d/7d/57fe5de17d64f1be36a75aeef15dda8fdd64a241612bd79071b9d79e9bed/coverage-5.5-cp39-cp39-manylinux1_i686.whl", hash = "sha256:13c4ee887eca0f4c5a247b75398d4114c37882658300e153113dafb1d76de529", size = 242068 },
    { url = "https://files.pythonhosted.org/packages/21/77/0ae9b19cb99d0a41b740535d5f9502e9bc6b32a24eff6b0bcb182e2cce56/coverage-5.5-cp39-cp39-manylinux1_x86_64.whl", hash = "sha256:52596d3d0e8bdf3af43db3e9ba8dcdaac724ba7b5ca3f6358529d56f7a166f8b", size = 243533 },
    { url = "https://files.pythonhosted.org/packages/d3/f9/798152327a3fef063f66528493a74316501cff54e09bfdcd50723229ce15/coverage-5.5-cp39-cp39-manylinux2010_i686.whl", hash = "sha256:2cafbbb3af0733db200c9b5f798d18953b1a304d3f86a938367de1567f4b5bff", size = 242068 },
    { url = "https://files.pythonhosted.org/packages/a4/79/625f1ed5da2a69f52fb44e0b7ca1b470437ff502348c716005a98a71cd49/coverage-5.5-cp39-cp39-manylinux2010_x86_64.whl", hash = "sha256:44d654437b8ddd9eee7d1eaee28b7219bec228520ff809af170488fd2fed3e2b", size = 243537 },
    { url = "https://files.pythonhosted.org/packages/76/7b/81dafcea3845e8bf1baf126dacbb2c079d7ce30072fa1514262539911b5e/coverage-5.5-cp39-cp39-win32.whl", hash = "sha256:d314ed732c25d29775e84a960c3c60808b682c08d86602ec2c3008e1202e3bb6", size = 210316 },
    { url = "https://files.pythonhosted.org/packages/60/41/fa43e0321f0b6157eb017c6c098604a2fe02b553e4ea5aebe51f5dbbd612/coverage-5.5-cp39-cp39-win_amd64.whl", hash = "sha256:13034c4409db851670bc9acd836243aeee299949bd5673e11844befcb0149f03", size = 211503 },
    { url = "https://files.pythonhosted.org/packages/93/ac/02bc6a60304a8a58383386f7675f6ebae0d2f49f162dda318e57bd95c746/coverage-5.5-pp37-none-any.whl", hash = "sha256:2a3859cb82dcbda1cfd3e6f71c27081d18aa251d20a17d87d26d4cd216fb0af4", size = 199998 },
]

[package.optional-dependencies]
toml = [
    { name = "toml" },
]

[[package]]
name = "enum34"
version = "1.1.10"
source = { registry = "https://pypi.org/simple" }
sdist = { url = "https://files.pythonhosted.org/packages/11/c4/2da1f4952ba476677a42f25cd32ab8aaf0e1c0d0e00b89822b835c7e654c/enum34-1.1.10.tar.gz", hash = "sha256:cce6a7477ed816bd2542d03d53db9f0db935dd013b70f336a95c73979289f248", size = 28187 }
wheels = [
    { url = "https://files.pythonhosted.org/packages/63/f6/ccb1c83687756aeabbf3ca0f213508fcfb03883ff200d201b3a4c60cedcc/enum34-1.1.10-py3-none-any.whl", hash = "sha256:c3858660960c984d6ab0ebad691265180da2b43f07e061c0f8dca9ef3cffd328", size = 11224 },
]

[[package]]
name = "exceptiongroup"
version = "1.2.2"
source = { registry = "https://pypi.org/simple" }
sdist = { url = "https://files.pythonhosted.org/packages/09/35/2495c4ac46b980e4ca1f6ad6db102322ef3ad2410b79fdde159a4b0f3b92/exceptiongroup-1.2.2.tar.gz", hash = "sha256:47c2edf7c6738fafb49fd34290706d1a1a2f4d1c6df275526b62cbb4aa5393cc", size = 28883 }
wheels = [
    { url = "https://files.pythonhosted.org/packages/02/cc/b7e31358aac6ed1ef2bb790a9746ac2c69bcb3c8588b41616914eb106eaf/exceptiongroup-1.2.2-py3-none-any.whl", hash = "sha256:3111b9d131c238bec2f8f516e123e14ba243563fb135d3fe885990585aa7795b", size = 16453 },
]

[[package]]
name = "importlib-metadata"
version = "2.1.3"
source = { registry = "https://pypi.org/simple" }
dependencies = [
    { name = "zipp" },
]
sdist = { url = "https://files.pythonhosted.org/packages/4c/d8/af92ca59b33366b3b9d230d17772d728d7b064f3de6d6150332d5fa8dae3/importlib_metadata-2.1.3.tar.gz", hash = "sha256:02a9f62b02e9b1cc43871809ef99947e8f5d94771392d666ada2cafc4cd09d4f", size = 30408 }
wheels = [
    { url = "https://files.pythonhosted.org/packages/cf/b4/877779cd7b5a15536ecbe0655cfb35a0de0ede6d888151fd7356d278c47d/importlib_metadata-2.1.3-py2.py3-none-any.whl", hash = "sha256:52e65a0856f9ba7ea8f2c4ced253fb6c88d1a8c352cb1e916cff4eb17d5a693d", size = 10211 },
]

[[package]]
name = "iniconfig"
version = "2.0.0"
source = { registry = "https://pypi.org/simple" }
sdist = { url = "https://files.pythonhosted.org/packages/d7/4b/cbd8e699e64a6f16ca3a8220661b5f83792b3017d0f79807cb8708d33913/iniconfig-2.0.0.tar.gz", hash = "sha256:2d91e135bf72d31a410b17c16da610a82cb55f6b0477d1a902134b24a455b8b3", size = 4646 }
wheels = [
    { url = "https://files.pythonhosted.org/packages/ef/a6/62565a6e1cf69e10f5727360368e451d4b7f58beeac6173dc9db836a5b46/iniconfig-2.0.0-py3-none-any.whl", hash = "sha256:b6a85871a79d2e3b22d2d1b94ac2824226a63c6b741c88f7ae975f18b6778374", size = 5892 },
]

[[package]]
name = "packaging"
version = "20.9"
source = { registry = "https://pypi.org/simple" }
dependencies = [
    { name = "pyparsing" },
]
sdist = { url = "https://files.pythonhosted.org/packages/86/3c/bcd09ec5df7123abcf695009221a52f90438d877a2f1499453c6938f5728/packaging-20.9.tar.gz", hash = "sha256:5b327ac1320dc863dca72f4514ecc086f31186744b84a230374cc1fd776feae5", size = 81267 }
wheels = [
    { url = "https://files.pythonhosted.org/packages/3e/89/7ea760b4daa42653ece2380531c90f64788d979110a2ab51049d92f408af/packaging-20.9-py2.py3-none-any.whl", hash = "sha256:67714da7f7bc052e064859c05c595155bd1ee9f69f76557e21f051443c20947a", size = 40870 },
]

[[package]]
name = "pluggy"
version = "0.13.1"
source = { registry = "https://pypi.org/simple" }
dependencies = [
    { name = "importlib-metadata", marker = "python_full_version < '3.8'" },
]
sdist = { url = "https://files.pythonhosted.org/packages/f8/04/7a8542bed4b16a65c2714bf76cf5a0b026157da7f75e87cc88774aa10b14/pluggy-0.13.1.tar.gz", hash = "sha256:15b2acde666561e1298d71b523007ed7364de07029219b604cf808bfa1c765b0", size = 57962 }
wheels = [
    { url = "https://files.pythonhosted.org/packages/a0/28/85c7aa31b80d150b772fbe4a229487bc6644da9ccb7e427dd8cc60cb8a62/pluggy-0.13.1-py2.py3-none-any.whl", hash = "sha256:966c145cd83c96502c3c3868f50408687b38434af77734af1e9ca461a4081d2d", size = 18077 },
]

[[package]]
name = "pyparsing"
version = "2.4.7"
source = { registry = "https://pypi.org/simple" }
sdist = { url = "https://files.pythonhosted.org/packages/c1/47/dfc9c342c9842bbe0036c7f763d2d6686bcf5eb1808ba3e170afdb282210/pyparsing-2.4.7.tar.gz", hash = "sha256:c203ec8783bf771a155b207279b9bccb8dea02d8f0c9e5f8ead507bc3246ecc1", size = 649718 }
wheels = [
    { url = "https://files.pythonhosted.org/packages/8a/bb/488841f56197b13700afd5658fc279a2025a39e22449b7cf29864669b15d/pyparsing-2.4.7-py2.py3-none-any.whl", hash = "sha256:ef9d7589ef3c200abe66653d3f1ab1033c3c419ae9b9bdb1240a85b024efc88b", size = 67842 },
]

[[package]]
name = "pytest"
version = "7.4.4"
source = { registry = "https://pypi.org/simple" }
dependencies = [
    { name = "colorama", marker = "sys_platform == 'win32'" },
    { name = "exceptiongroup", marker = "python_full_version < '3.11'" },
    { name = "importlib-metadata", marker = "python_full_version < '3.8'" },
    { name = "iniconfig" },
    { name = "packaging" },
    { name = "pluggy" },
    { name = "tomli", marker = "python_full_version < '3.11'" },
]
sdist = { url = "https://files.pythonhosted.org/packages/80/1f/9d8e98e4133ffb16c90f3b405c43e38d3abb715bb5d7a63a5a684f7e46a3/pytest-7.4.4.tar.gz", hash = "sha256:2cf0005922c6ace4a3e2ec8b4080eb0d9753fdc93107415332f50ce9e7994280", size = 1357116 }
wheels = [
    { url = "https://files.pythonhosted.org/packages/51/ff/f6e8b8f39e08547faece4bd80f89d5a8de68a38b2d179cc1c4490ffa3286/pytest-7.4.4-py3-none-any.whl", hash = "sha256:b090cdf5ed60bf4c45261be03239c2c1c22df034fbffe691abe93cd80cea01d8", size = 325287 },
]

[[package]]
name = "pytest-cov"
version = "4.1.0"
source = { registry = "https://pypi.org/simple" }
dependencies = [
    { name = "coverage", extra = ["toml"] },
    { name = "pytest" },
]
sdist = { url = "https://files.pythonhosted.org/packages/7a/15/da3df99fd551507694a9b01f512a2f6cf1254f33601605843c3775f39460/pytest-cov-4.1.0.tar.gz", hash = "sha256:3904b13dfbfec47f003b8e77fd5b589cd11904a21ddf1ab38a64f204d6a10ef6", size = 63245 }
wheels = [
    { url = "https://files.pythonhosted.org/packages/a7/4b/8b78d126e275efa2379b1c2e09dc52cf70df16fc3b90613ef82531499d73/pytest_cov-4.1.0-py3-none-any.whl", hash = "sha256:6ba70b9e97e69fcc3fb45bfeab2d0a138fb65c4d0d6a41ef33983ad114be8c3a", size = 21949 },
]

[[package]]
name = "ruff"
version = "0.7.4"
source = { registry = "https://pypi.org/simple" }
sdist = { url = "https://files.pythonhosted.org/packages/0b/8b/bc4e0dfa1245b07cf14300e10319b98e958a53ff074c1dd86b35253a8c2a/ruff-0.7.4.tar.gz", hash = "sha256:cd12e35031f5af6b9b93715d8c4f40360070b2041f81273d0527683d5708fce2", size = 3275547 }
wheels = [
    { url = "https://files.pythonhosted.org/packages/e6/4b/f5094719e254829766b807dadb766841124daba75a37da83e292ae5ad12f/ruff-0.7.4-py3-none-linux_armv6l.whl", hash = "sha256:a4919925e7684a3f18e18243cd6bea7cfb8e968a6eaa8437971f681b7ec51478", size = 10447512 },
    { url = "https://files.pythonhosted.org/packages/9e/1d/3d2d2c9f601cf6044799c5349ff5267467224cefed9b35edf5f1f36486e9/ruff-0.7.4-py3-none-macosx_10_12_x86_64.whl", hash = "sha256:cfb365c135b830778dda8c04fb7d4280ed0b984e1aec27f574445231e20d6c63", size = 10235436 },
    { url = "https://files.pythonhosted.org/packages/62/83/42a6ec6216ded30b354b13e0e9327ef75a3c147751aaf10443756cb690e9/ruff-0.7.4-py3-none-macosx_11_0_arm64.whl", hash = "sha256:63a569b36bc66fbadec5beaa539dd81e0527cb258b94e29e0531ce41bacc1f20", size = 9888936 },
    { url = "https://files.pythonhosted.org/packages/4d/26/e1e54893b13046a6ad05ee9b89ee6f71542ba250f72b4c7a7d17c3dbf73d/ruff-0.7.4-py3-none-manylinux_2_17_aarch64.manylinux2014_aarch64.whl", hash = "sha256:0d06218747d361d06fd2fdac734e7fa92df36df93035db3dc2ad7aa9852cb109", size = 10697353 },
    { url = "https://files.pythonhosted.org/packages/21/24/98d2e109c4efc02bfef144ec6ea2c3e1217e7ce0cfddda8361d268dfd499/ruff-0.7.4-py3-none-manylinux_2_17_armv7l.manylinux2014_armv7l.whl", hash = "sha256:e0cea28d0944f74ebc33e9f934238f15c758841f9f5edd180b5315c203293452", size = 10228078 },
    { url = "https://files.pythonhosted.org/packages/ad/b7/964c75be9bc2945fc3172241b371197bb6d948cc69e28bc4518448c368f3/ruff-0.7.4-py3-none-manylinux_2_17_i686.manylinux2014_i686.whl", hash = "sha256:80094ecd4793c68b2571b128f91754d60f692d64bc0d7272ec9197fdd09bf9ea", size = 11264823 },
    { url = "https://files.pythonhosted.org/packages/12/8d/20abdbf705969914ce40988fe71a554a918deaab62c38ec07483e77866f6/ruff-0.7.4-py3-none-manylinux_2_17_ppc64.manylinux2014_ppc64.whl", hash = "sha256:997512325c6620d1c4c2b15db49ef59543ef9cd0f4aa8065ec2ae5103cedc7e7", size = 11951855 },
    { url = "https://files.pythonhosted.org/packages/b8/fc/6519ce58c57b4edafcdf40920b7273dfbba64fc6ebcaae7b88e4dc1bf0a8/ruff-0.7.4-py3-none-manylinux_2_17_ppc64le.manylinux2014_ppc64le.whl", hash = "sha256:00b4cf3a6b5fad6d1a66e7574d78956bbd09abfd6c8a997798f01f5da3d46a05", size = 11516580 },
    { url = "https://files.pythonhosted.org/packages/37/1a/5ec1844e993e376a86eb2456496831ed91b4398c434d8244f89094758940/ruff-0.7.4-py3-none-manylinux_2_17_s390x.manylinux2014_s390x.whl", hash = "sha256:7dbdc7d8274e1422722933d1edddfdc65b4336abf0b16dfcb9dedd6e6a517d06", size = 12692057 },
    { url = "https://files.pythonhosted.org/packages/50/90/76867152b0d3c05df29a74bb028413e90f704f0f6701c4801174ba47f959/ruff-0.7.4-py3-none-manylinux_2_17_x86_64.manylinux2014_x86_64.whl", hash = "sha256:0e92dfb5f00eaedb1501b2f906ccabfd67b2355bdf117fea9719fc99ac2145bc", size = 11085137 },
    { url = "https://files.pythonhosted.org/packages/c8/eb/0a7cb6059ac3555243bd026bb21785bbc812f7bbfa95a36c101bd72b47ae/ruff-0.7.4-py3-none-musllinux_1_2_aarch64.whl", hash = "sha256:3bd726099f277d735dc38900b6a8d6cf070f80828877941983a57bca1cd92172", size = 10681243 },
    { url = "https://files.pythonhosted.org/packages/5e/76/2270719dbee0fd35780b05c08a07b7a726c3da9f67d9ae89ef21fc18e2e5/ruff-0.7.4-py3-none-musllinux_1_2_armv7l.whl", hash = "sha256:2e32829c429dd081ee5ba39aef436603e5b22335c3d3fff013cd585806a6486a", size = 10319187 },
    { url = "https://files.pythonhosted.org/packages/9f/e5/39100f72f8ba70bec1bd329efc880dea8b6c1765ea1cb9d0c1c5f18b8d7f/ruff-0.7.4-py3-none-musllinux_1_2_i686.whl", hash = "sha256:662a63b4971807623f6f90c1fb664613f67cc182dc4d991471c23c541fee62dd", size = 10803715 },
    { url = "https://files.pythonhosted.org/packages/a5/89/40e904784f305fb56850063f70a998a64ebba68796d823dde67e89a24691/ruff-0.7.4-py3-none-musllinux_1_2_x86_64.whl", hash = "sha256:876f5e09eaae3eb76814c1d3b68879891d6fde4824c015d48e7a7da4cf066a3a", size = 11162912 },
    { url = "https://files.pythonhosted.org/packages/8d/1b/dd77503b3875c51e3dbc053fd8367b845ab8b01c9ca6d0c237082732856c/ruff-0.7.4-py3-none-win32.whl", hash = "sha256:75c53f54904be42dd52a548728a5b572344b50d9b2873d13a3f8c5e3b91f5cac", size = 8702767 },
    { url = "https://files.pythonhosted.org/packages/63/76/253ddc3e89e70165bba952ecca424b980b8d3c2598ceb4fc47904f424953/ruff-0.7.4-py3-none-win_amd64.whl", hash = "sha256:745775c7b39f914238ed1f1b0bebed0b9155a17cd8bc0b08d3c87e4703b990d6", size = 9497534 },
    { url = "https://files.pythonhosted.org/packages/aa/70/f8724f31abc0b329ca98b33d73c14020168babcf71b0cba3cded5d9d0e66/ruff-0.7.4-py3-none-win_arm64.whl", hash = "sha256:11bff065102c3ae9d3ea4dc9ecdfe5a5171349cdd0787c1fc64761212fc9cf1f", size = 8851590 },
]

[[package]]
name = "setuptools"
version = "68.0.0"
source = { registry = "https://pypi.org/simple" }
sdist = { url = "https://files.pythonhosted.org/packages/dc/98/5f896af066c128669229ff1aa81553ac14cfb3e5e74b6b44594132b8540e/setuptools-68.0.0.tar.gz", hash = "sha256:baf1fdb41c6da4cd2eae722e135500da913332ab3f2f5c7d33af9b492acb5235", size = 2194111 }
wheels = [
    { url = "https://files.pythonhosted.org/packages/c7/42/be1c7bbdd83e1bfb160c94b9cafd8e25efc7400346cf7ccdbdb452c467fa/setuptools-68.0.0-py3-none-any.whl", hash = "sha256:11e52c67415a381d10d6b462ced9cfb97066179f0e871399e006c4ab101fc85f", size = 804037 },
]

[[package]]
name = "simplejson"
version = "3.19.3"
source = { registry = "https://pypi.org/simple" }
sdist = { url = "https://files.pythonhosted.org/packages/3d/29/085111f19717f865eceaf0d4397bf3e76b08d60428b076b64e2a1903706d/simplejson-3.19.3.tar.gz", hash = "sha256:8e086896c36210ab6050f2f9f095a5f1e03c83fa0e7f296d6cba425411364680", size = 85237 }
wheels = [
    { url = "https://files.pythonhosted.org/packages/39/24/260ad03435ce8ef2436031951134659c7161776ec3a78094b35b9375ceea/simplejson-3.19.3-cp310-cp310-macosx_10_9_universal2.whl", hash = "sha256:50d8b742d74c449c4dcac570d08ce0f21f6a149d2d9cf7652dbf2ba9a1bc729a", size = 93660 },
    { url = "https://files.pythonhosted.org/packages/63/a1/dee207f357bcd6b106f2ca5129ee916c24993ba08b7dfbf9a37c22442ea9/simplejson-3.19.3-cp310-cp310-macosx_10_9_x86_64.whl", hash = "sha256:dd011fc3c1d88b779645495fdb8189fb318a26981eebcce14109460e062f209b", size = 75546 },
    { url = "https://files.pythonhosted.org/packages/80/7b/45ef1da43f54d209ce2ef59b7356cda13f810186c381f38ae23a4d2b1337/simplejson-3.19.3-cp310-cp310-macosx_11_0_arm64.whl", hash = "sha256:637c4d4b81825c1f4d651e56210bd35b5604034b192b02d2d8f17f7ce8c18f42", size = 75602 },
    { url = "https://files.pythonhosted.org/packages/7f/4b/9a132382982f8127bc7ce5212a5585d83c174707c9dd698d0cb6a0d41882/simplejson-3.19.3-cp310-cp310-manylinux_2_17_aarch64.manylinux2014_aarch64.whl", hash = "sha256:2f56eb03bc9e432bb81adc8ecff2486d39feb371abb442964ffb44f6db23b332", size = 138632 },
    { url = "https://files.pythonhosted.org/packages/76/37/012f5ad2f38afa28f8a6ad9da01dc0b64492ffbaf2a3f2f8a0e1fddf9c1d/simplejson-3.19.3-cp310-cp310-manylinux_2_17_ppc64le.manylinux2014_ppc64le.whl", hash = "sha256:ef59a53be400c1fad2c914b8d74c9d42384fed5174f9321dd021b7017fd40270", size = 146740 },
    { url = "https://files.pythonhosted.org/packages/69/b3/89640bd676e26ea2315b5aaf80712a6fbbb4338e4caf872d91448502a19b/simplejson-3.19.3-cp310-cp310-manylinux_2_5_i686.manylinux1_i686.manylinux_2_17_i686.manylinux2014_i686.whl", hash = "sha256:72e8abbc86fcac83629a030888b45fed3a404d54161118be52cb491cd6975d3e", size = 134440 },
    { url = "https://files.pythonhosted.org/packages/61/20/0035a288deaff05397d6cc0145b33f3dd2429b99cdc880de4c5eca41ca72/simplejson-3.19.3-cp310-cp310-manylinux_2_5_x86_64.manylinux1_x86_64.manylinux_2_17_x86_64.manylinux2014_x86_64.whl", hash = "sha256:f8efb03ca77bd7725dfacc9254df00d73e6f43013cf39bd37ef1a8ed0ebb5165", size = 137949 },
    { url = "https://files.pythonhosted.org/packages/5d/de/5b03fafe3003e32d179588953d38183af6c3747e95c7dcc668c4f9eb886a/simplejson-3.19.3-cp310-cp310-musllinux_1_2_aarch64.whl", hash = "sha256:add8850db04b98507a8b62d248a326ecc8561e6d24336d1ca5c605bbfaab4cad", size = 139992 },
    { url = "https://files.pythonhosted.org/packages/d1/ce/e493116ff49fd215f7baa25195b8f684c91e65c153e2a57e04dc3f3a466b/simplejson-3.19.3-cp310-cp310-musllinux_1_2_i686.whl", hash = "sha256:fc3dc9fb413fc34c396f52f4c87de18d0bd5023804afa8ab5cc224deeb6a9900", size = 140320 },
    { url = "https://files.pythonhosted.org/packages/86/f3/a18b98a7a27548829f672754dd3940fb637a27981399838128d3e560087f/simplejson-3.19.3-cp310-cp310-musllinux_1_2_ppc64le.whl", hash = "sha256:4dfa420bb9225dd33b6efdabde7c6a671b51150b9b1d9c4e5cd74d3b420b3fe1", size = 148625 },
    { url = "https://files.pythonhosted.org/packages/0f/55/d3da33ee3e708133da079b9d537693d7fef281e6f0d27921cc7e5b3ec523/simplejson-3.19.3-cp310-cp310-musllinux_1_2_x86_64.whl", hash = "sha256:7b5c472099b39b274dcde27f1113db8d818c9aa3ba8f78cbb8ad04a4c1ac2118", size = 141287 },
    { url = "https://files.pythonhosted.org/packages/17/e8/56184ab4d66bb64a6ff569f069b3796dfd943f9b961268fe0d403526fc17/simplejson-3.19.3-cp310-cp310-win32.whl", hash = "sha256:817abad79241ed4a507b3caf4d3f2be5079f39d35d4c550a061988986bffd2ec", size = 74143 },
    { url = "https://files.pythonhosted.org/packages/be/8f/a0089eff060f10a925f08b0a0f50854321484f1ac54b1895bbf4c9213dfe/simplejson-3.19.3-cp310-cp310-win_amd64.whl", hash = "sha256:dd5b9b1783e14803e362a558680d88939e830db2466f3fa22df5c9319f8eea94", size = 75643 },
    { url = "https://files.pythonhosted.org/packages/8c/bb/9ee3959e6929d228cf669b3f13f0edd43c5261b6cd69598640748b19ca35/simplejson-3.19.3-cp311-cp311-macosx_10_9_universal2.whl", hash = "sha256:e88abff510dcff903a18d11c2a75f9964e768d99c8d147839913886144b2065e", size = 91930 },
    { url = "https://files.pythonhosted.org/packages/ac/ae/a06523928af3a6783e2638cd4f6035c3e32de1c1063d563d9060c8d2f1ad/simplejson-3.19.3-cp311-cp311-macosx_10_9_x86_64.whl", hash = "sha256:934a50a614fb831614db5dbfba35127ee277624dda4d15895c957d2f5d48610c", size = 74787 },
    { url = "https://files.pythonhosted.org/packages/c3/58/fea732e48a7540035fe46d39e6fd77679f5810311d31da8661ce7a18210a/simplejson-3.19.3-cp311-cp311-macosx_11_0_arm64.whl", hash = "sha256:212fce86a22188b0c7f53533b0f693ea9605c1a0f02c84c475a30616f55a744d", size = 74612 },
    { url = "https://files.pythonhosted.org/packages/ab/4d/15718f20cb0e3875b8af9597d6bb3bfbcf1383834b82b6385ee9ac0b72a9/simplejson-3.19.3-cp311-cp311-manylinux_2_17_aarch64.manylinux2014_aarch64.whl", hash = "sha256:5d9e8f836688a8fabe6a6b41b334aa550a6823f7b4ac3d3712fc0ad8655be9a8", size = 143550 },
    { url = "https://files.pythonhosted.org/packages/93/44/815a4343774760f7a82459c8f6a4d8268b4b6d23f81e7b922a5e2ca79171/simplejson-3.19.3-cp311-cp311-manylinux_2_17_ppc64le.manylinux2014_ppc64le.whl", hash = "sha256:23228037dc5d41c36666384062904d74409a62f52283d9858fa12f4c22cffad1", size = 153284 },
    { url = "https://files.pythonhosted.org/packages/9d/52/d3202d9bba95444090d1c98e43da3c10907875babf63ed3c134d1b9437e3/simplejson-3.19.3-cp311-cp311-manylinux_2_5_i686.manylinux1_i686.manylinux_2_17_i686.manylinux2014_i686.whl", hash = "sha256:0791f64fed7d4abad639491f8a6b1ba56d3c604eb94b50f8697359b92d983f36", size = 141518 },
    { url = "https://files.pythonhosted.org/packages/b7/d4/850948bcbcfe0b4a6c69dfde10e245d3a1ea45252f16a1e2308a3b06b1da/simplejson-3.19.3-cp311-cp311-manylinux_2_5_x86_64.manylinux1_x86_64.manylinux_2_17_x86_64.manylinux2014_x86_64.whl", hash = "sha256:c4f614581b61a26fbbba232a1391f6cee82bc26f2abbb6a0b44a9bba25c56a1c", size = 144688 },
    { url = "https://files.pythonhosted.org/packages/58/d2/b8dcb0a07d9cd54c47f9fe8733dbb83891d1efe4fc786d9dfc8781cc04f9/simplejson-3.19.3-cp311-cp311-musllinux_1_2_aarch64.whl", hash = "sha256:1df0aaf1cb787fdf34484ed4a1f0c545efd8811f6028623290fef1a53694e597", size = 144534 },
    { url = "https://files.pythonhosted.org/packages/a9/95/1e92d99039041f596e0923ec4f9153244acaf3830944dc69a7c11b23ceaa/simplejson-3.19.3-cp311-cp311-musllinux_1_2_i686.whl", hash = "sha256:951095be8d4451a7182403354c22ec2de3e513e0cc40408b689af08d02611588", size = 146565 },
    { url = "https://files.pythonhosted.org/packages/21/04/c96aeb3a74031255e4cbcc0ca1b6ebfb5549902f0a065f06d65ce8447c0c/simplejson-3.19.3-cp311-cp311-musllinux_1_2_ppc64le.whl", hash = "sha256:2a954b30810988feeabde843e3263bf187697e0eb5037396276db3612434049b", size = 155014 },
    { url = "https://files.pythonhosted.org/packages/b7/41/e28a28593afc4a75d8999d057bfb7c73a103e35f927e66f4bb92571787ae/simplejson-3.19.3-cp311-cp311-musllinux_1_2_x86_64.whl", hash = "sha256:c40df31a75de98db2cdfead6074d4449cd009e79f54c1ebe5e5f1f153c68ad20", size = 148092 },
    { url = "https://files.pythonhosted.org/packages/2b/82/1c81a3af06f937afb6d2e9d74a465c0e0ae6db444d1bf2a436ea26de1965/simplejson-3.19.3-cp311-cp311-win32.whl", hash = "sha256:7e2a098c21ad8924076a12b6c178965d88a0ad75d1de67e1afa0a66878f277a5", size = 73942 },
    { url = "https://files.pythonhosted.org/packages/65/be/d8ab9717f471be3c114f16abd8be21d9a6a0a09b9b49177d93d64d3717d9/simplejson-3.19.3-cp311-cp311-win_amd64.whl", hash = "sha256:c9bedebdc5fdad48af8783022bae307746d54006b783007d1d3c38e10872a2c6", size = 75469 },
    { url = "https://files.pythonhosted.org/packages/20/15/513fea93fafbdd4993eacfcb762965b2ff3d29e618c029e2956174d68c4b/simplejson-3.19.3-cp312-cp312-macosx_10_9_universal2.whl", hash = "sha256:66a0399e21c2112acacfebf3d832ebe2884f823b1c7e6d1363f2944f1db31a99", size = 92921 },
    { url = "https://files.pythonhosted.org/packages/a4/4f/998a907ae1a6c104dc0ee48aa248c2478490152808d34d8e07af57f396c3/simplejson-3.19.3-cp312-cp312-macosx_10_9_x86_64.whl", hash = "sha256:6ef9383c5e05f445be60f1735c1816163c874c0b1ede8bb4390aff2ced34f333", size = 75311 },
    { url = "https://files.pythonhosted.org/packages/db/44/acd6122201e927451869d45952b9ab1d3025cdb5e61548d286d08fbccc08/simplejson-3.19.3-cp312-cp312-macosx_11_0_arm64.whl", hash = "sha256:42e5acf80d4d971238d4df97811286a044d720693092b20a56d5e56b7dcc5d09", size = 74964 },
    { url = "https://files.pythonhosted.org/packages/27/ca/d0a1e8f16e1bbdc0b8c6d88166f45f565ed7285f53928cfef3b6ce78f14d/simplejson-3.19.3-cp312-cp312-manylinux_2_17_aarch64.manylinux2014_aarch64.whl", hash = "sha256:d0b0efc7279d768db7c74d3d07f0b5c81280d16ae3fb14e9081dc903e8360771", size = 150106 },
    { url = "https://files.pythonhosted.org/packages/63/59/0554b78cf26c98e2b9cae3f44723bd72c2394e2afec1a14eedc6211f7187/simplejson-3.19.3-cp312-cp312-manylinux_2_17_ppc64le.manylinux2014_ppc64le.whl", hash = "sha256:0552eb06e7234da892e1d02365cd2b7b2b1f8233aa5aabdb2981587b7cc92ea0", size = 158347 },
    { url = "https://files.pythonhosted.org/packages/b2/fe/9f30890352e431e8508cc569912d3322147d3e7e4f321e48c0adfcb4c97d/simplejson-3.19.3-cp312-cp312-manylinux_2_5_i686.manylinux1_i686.manylinux_2_17_i686.manylinux2014_i686.whl", hash = "sha256:5bf6a3b9a7d7191471b464fe38f684df10eb491ec9ea454003edb45a011ab187", size = 148456 },
    { url = "https://files.pythonhosted.org/packages/37/e3/663a09542ee021d4131162f7a164cb2e7f04ef48433a67591738afbf12ea/simplejson-3.19.3-cp312-cp312-manylinux_2_5_x86_64.manylinux1_x86_64.manylinux_2_17_x86_64.manylinux2014_x86_64.whl", hash = "sha256:7017329ca8d4dca94ad5e59f496e5fc77630aecfc39df381ffc1d37fb6b25832", size = 152190 },
    { url = "https://files.pythonhosted.org/packages/31/20/4e0c4d35e10ff6465003bec304316d822a559a1c38c66ef6892ca199c207/simplejson-3.19.3-cp312-cp312-musllinux_1_2_aarch64.whl", hash = "sha256:67a20641afebf4cfbcff50061f07daad1eace6e7b31d7622b6fa2c40d43900ba", size = 149846 },
    { url = "https://files.pythonhosted.org/packages/08/7a/46e2e072cac3987cbb05946f25167f0ad2fe536748e7405953fd6661a486/simplejson-3.19.3-cp312-cp312-musllinux_1_2_i686.whl", hash = "sha256:dd6a7dabcc4c32daf601bc45e01b79175dde4b52548becea4f9545b0a4428169", size = 151714 },
    { url = "https://files.pythonhosted.org/packages/7f/7d/dbeeac10eb61d5d8858d0bb51121a21050d281dc83af4c557f86da28746c/simplejson-3.19.3-cp312-cp312-musllinux_1_2_ppc64le.whl", hash = "sha256:08f9b443a94e72dd02c87098c96886d35790e79e46b24e67accafbf13b73d43b", size = 158777 },
    { url = "https://files.pythonhosted.org/packages/fc/8f/a98bdbb799c6a4a884b5823db31785a96ba895b4b0f4d8ac345d6fe98bbf/simplejson-3.19.3-cp312-cp312-musllinux_1_2_x86_64.whl", hash = "sha256:fa97278ae6614346b5ca41a45a911f37a3261b57dbe4a00602048652c862c28b", size = 154230 },
    { url = "https://files.pythonhosted.org/packages/b1/db/852eebceb85f969ae40e06babed1a93d3bacb536f187d7a80ff5823a5979/simplejson-3.19.3-cp312-cp312-win32.whl", hash = "sha256:ef28c3b328d29b5e2756903aed888960bc5df39b4c2eab157ae212f70ed5bf74", size = 74002 },
    { url = "https://files.pythonhosted.org/packages/fe/68/9f0e5df0651cb79ef83cba1378765a00ee8038e6201cc82b8e7178a7778e/simplejson-3.19.3-cp312-cp312-win_amd64.whl", hash = "sha256:1e662336db50ad665777e6548b5076329a94a0c3d4a0472971c588b3ef27de3a", size = 75596 },
    { url = "https://files.pythonhosted.org/packages/93/3a/5896821ed543899fcb9c4256c7e71bb110048047349a00f42bc8b8fb379f/simplejson-3.19.3-cp313-cp313-macosx_10_13_universal2.whl", hash = "sha256:0959e6cb62e3994b5a40e31047ff97ef5c4138875fae31659bead691bed55896", size = 92931 },
    { url = "https://files.pythonhosted.org/packages/39/15/5d33d269440912ee40d856db0c8be2b91aba7a219690ab01f86cb0edd590/simplejson-3.19.3-cp313-cp313-macosx_10_13_x86_64.whl", hash = "sha256:7a7bfad839c624e139a4863007233a3f194e7c51551081f9789cba52e4da5167", size = 75318 },
    { url = "https://files.pythonhosted.org/packages/2a/8d/2e7483a2bf7ec53acf7e012bafbda79d7b34f90471dda8e424544a59d484/simplejson-3.19.3-cp313-cp313-macosx_11_0_arm64.whl", hash = "sha256:afab2f7f2486a866ff04d6d905e9386ca6a231379181a3838abce1f32fbdcc37", size = 74971 },
    { url = "https://files.pythonhosted.org/packages/4d/9d/9bdf34437c8834a7cf7246f85e9d5122e30579f512c10a0c2560e994294f/simplejson-3.19.3-cp313-cp313-manylinux_2_17_aarch64.manylinux2014_aarch64.whl", hash = "sha256:d00313681015ac498e1736b304446ee6d1c72c5b287cd196996dad84369998f7", size = 150112 },
    { url = "https://files.pythonhosted.org/packages/a7/e2/1f2ae2d89eaf85f6163c82150180aae5eaa18085cfaf892f8a57d4c51cbd/simplejson-3.19.3-cp313-cp313-manylinux_2_17_ppc64le.manylinux2014_ppc64le.whl", hash = "sha256:d936ae682d5b878af9d9eb4d8bb1fdd5e41275c8eb59ceddb0aeed857bb264a2", size = 158354 },
    { url = "https://files.pythonhosted.org/packages/60/83/26f610adf234c8492b3f30501e12f2271e67790f946c6898fe0c58aefe99/simplejson-3.19.3-cp313-cp313-manylinux_2_5_i686.manylinux1_i686.manylinux_2_17_i686.manylinux2014_i686.whl", hash = "sha256:01c6657485393f2e9b8177c77a7634f13ebe70d5e6de150aae1677d91516ce6b", size = 148455 },
    { url = "https://files.pythonhosted.org/packages/b5/4b/109af50006af77133653c55b5b91b4bd2d579ff8254ce11216c0b75f911b/simplejson-3.19.3-cp313-cp313-manylinux_2_5_x86_64.manylinux1_x86_64.manylinux_2_17_x86_64.manylinux2014_x86_64.whl", hash = "sha256:2a6a750d3c7461b1c47cfc6bba8d9e57a455e7c5f80057d2a82f738040dd1129", size = 152191 },
    { url = "https://files.pythonhosted.org/packages/75/dc/108872a8825cbd99ae6f4334e0490ff1580367baf12198bcaf988f6820ba/simplejson-3.19.3-cp313-cp313-musllinux_1_2_aarch64.whl", hash = "sha256:ea7a4a998c87c5674a27089e022110a1a08a7753f21af3baf09efe9915c23c3c", size = 149954 },
    { url = "https://files.pythonhosted.org/packages/eb/be/deec1d947a5d0472276ab4a4d1a9378dc5ee27f3dc9e54d4f62ffbad7a08/simplejson-3.19.3-cp313-cp313-musllinux_1_2_i686.whl", hash = "sha256:6300680d83a399be2b8f3b0ef7ef90b35d2a29fe6e9c21438097e0938bbc1564", size = 151812 },
    { url = "https://files.pythonhosted.org/packages/e9/58/4ee130702d36b1551ef66e7587eefe56651f3669255bf748cd71691e2434/simplejson-3.19.3-cp313-cp313-musllinux_1_2_ppc64le.whl", hash = "sha256:ab69f811a660c362651ae395eba8ce84f84c944cea0df5718ea0ba9d1e4e7252", size = 158880 },
    { url = "https://files.pythonhosted.org/packages/0f/e1/59cc6a371b60f89e3498d9f4c8109f6b7359094d453f5fe80b2677b777b0/simplejson-3.19.3-cp313-cp313-musllinux_1_2_x86_64.whl", hash = "sha256:256e09d0f94d9c3d177d9e95fd27a68c875a4baa2046633df387b86b652f5747", size = 154344 },
    { url = "https://files.pythonhosted.org/packages/79/45/1b36044670016f5cb25ebd92497427d2d1711ecb454d00f71eb9a00b77cc/simplejson-3.19.3-cp313-cp313-win32.whl", hash = "sha256:2c78293470313aefa9cfc5e3f75ca0635721fb016fb1121c1c5b0cb8cc74712a", size = 74002 },
    { url = "https://files.pythonhosted.org/packages/e2/58/b06226e6b0612f2b1fa13d5273551da259f894566b1eef32249ddfdcce44/simplejson-3.19.3-cp313-cp313-win_amd64.whl", hash = "sha256:3bbcdc438dc1683b35f7a8dc100960c721f922f9ede8127f63bed7dfded4c64c", size = 75599 },
    { url = "https://files.pythonhosted.org/packages/d5/74/e98d82abc423c96b39ad88f2a80e76e87287773c0cd0301a22f937dd664e/simplejson-3.19.3-cp37-cp37m-macosx_10_9_x86_64.whl", hash = "sha256:d36608557b4dcd7a62c29ad4cd7c5a1720bbf7dc942eff9dc42d2c542a5f042d", size = 74251 },
    { url = "https://files.pythonhosted.org/packages/be/09/e7c0d626a5cbc8206ed38e9f9dda9d01dfad4880156c879b7173921d340a/simplejson-3.19.3-cp37-cp37m-manylinux_2_17_aarch64.manylinux2014_aarch64.whl", hash = "sha256:7137e69c6781ecf23afab064be94a277236c9cba31aa48ff1a0ec3995c69171e", size = 126503 },
    { url = "https://files.pythonhosted.org/packages/98/3f/b8159de5cef69d0514afd986083fcd07f7d1295bec63bc0262409799db66/simplejson-3.19.3-cp37-cp37m-manylinux_2_17_ppc64le.manylinux2014_ppc64le.whl", hash = "sha256:76f8c28fe2d426182405b18ddf3001fce47835a557dc15c3d8bdea01c03361da", size = 135443 },
    { url = "https://files.pythonhosted.org/packages/5e/6b/1130eaa335c5fc49ef499d2eb9dfa4c394c49930b9458ab62b4010f0903a/simplejson-3.19.3-cp37-cp37m-manylinux_2_5_i686.manylinux1_i686.manylinux_2_17_i686.manylinux2014_i686.whl", hash = "sha256:ff7bc1bbdaa3e487c9469128bf39408e91f5573901cb852e03af378d3582c52d", size = 123826 },
    { url = "https://files.pythonhosted.org/packages/3b/75/88b0a323d87bbd11a00d55b1209c57d92da21b6b46b8d3dc9d8926aeda17/simplejson-3.19.3-cp37-cp37m-manylinux_2_5_x86_64.manylinux1_x86_64.manylinux_2_17_x86_64.manylinux2014_x86_64.whl", hash = "sha256:a0782cb9bf827f0c488b6aa0f2819f618308a3caf2973cfd792e45d631bec4db", size = 126978 },
    { url = "https://files.pythonhosted.org/packages/93/a4/51c15b9173dd503ac5c06b312513f0011923b270fb28187a2148556bb720/simplejson-3.19.3-cp37-cp37m-musllinux_1_2_aarch64.whl", hash = "sha256:6fea0716c593dabb4392c4996d4e902a83b2428e6da82938cf28a523a11eb277", size = 128741 },
    { url = "https://files.pythonhosted.org/packages/41/f7/296ee5be01f827e5cfb183c9ac879689f7cad9372014b141938ada77d7ab/simplejson-3.19.3-cp37-cp37m-musllinux_1_2_i686.whl", hash = "sha256:8f41bb5370b34f63171e65fdb00e12be1d83675cecb23e627df26f4c88dfc021", size = 129477 },
    { url = "https://files.pythonhosted.org/packages/3c/6c/6a01afd361f0d4c3196324691542f74bdedf284bb12d589007747ea09328/simplejson-3.19.3-cp37-cp37m-musllinux_1_2_ppc64le.whl", hash = "sha256:37105d1d708365b91165e1a6e505bdecc88637091348cf4b6adcdcb4f5a5fb8b", size = 137312 },
    { url = "https://files.pythonhosted.org/packages/3d/8d/7ce43af5b016c747b9e450966c7bba1e38a8126f0e4f5513061c85f0af65/simplejson-3.19.3-cp37-cp37m-musllinux_1_2_x86_64.whl", hash = "sha256:b9198c1f1f8910a3b86b60f4fe2556d9d28d3fefe35bffe6be509a27402e694d", size = 130573 },
    { url = "https://files.pythonhosted.org/packages/87/bf/208d7be9c7c1d54058728681c2033b1aaeee37678d21d4e1ddaf85a36b08/simplejson-3.19.3-cp37-cp37m-win32.whl", hash = "sha256:bc164f32dd9691e7082ce5df24b4cf8c6c394bbf9bdeeb5d843127cd07ab8ad2", size = 73685 },
    { url = "https://files.pythonhosted.org/packages/83/fb/1cc06ce2155a218c21e6c98cdc64ae64ee3e88867c0bd8cf3242bbcbfd5f/simplejson-3.19.3-cp37-cp37m-win_amd64.whl", hash = "sha256:1bd41f2cb1a2c57656ceff67b12d005cb255c728265e222027ad73193a04005a", size = 75320 },
    { url = "https://files.pythonhosted.org/packages/d6/25/ccf60909457fff5259ea692023a13faafbc4cacbd022a4647b1117b66c85/simplejson-3.19.3-cp38-cp38-macosx_10_9_universal2.whl", hash = "sha256:0733ecd95ae03ae718ec74aad818f5af5f3155d596f7b242acbc1621e765e5fb", size = 91682 },
    { url = "https://files.pythonhosted.org/packages/ca/26/ecac686556c7e3757abe345afcf167773d3317acd09ea0b60a02eb4db65f/simplejson-3.19.3-cp38-cp38-macosx_10_9_x86_64.whl", hash = "sha256:4a0710d1a5e41c4f829caa1572793dd3130c8d65c2b194c24ff29c4c305c26e0", size = 74519 },
    { url = "https://files.pythonhosted.org/packages/a9/e9/8cec3d3efcf284f6f929ba1ad0266cb77e7810ee7dc56046fbdd22b15fbd/simplejson-3.19.3-cp38-cp38-macosx_11_0_arm64.whl", hash = "sha256:1a53a07320c5ff574d8b1a89c937ce33608832f166f39dff0581ac43dc979abd", size = 74620 },
    { url = "https://files.pythonhosted.org/packages/4a/7f/051ed1210ddfed68babdd4ebe6139205804ad9a80ecda977ce14656a59c4/simplejson-3.19.3-cp38-cp38-manylinux_2_17_aarch64.manylinux2014_aarch64.whl", hash = "sha256:1773cabfba66a6337b547e45dafbd471b09487370bcab75bd28f626520410d29", size = 136359 },
    { url = "https://files.pythonhosted.org/packages/a0/ec/22e3c7407c5a199131a11cafc167076768e3578602a1b94fe5a145957998/simplejson-3.19.3-cp38-cp38-manylinux_2_17_ppc64le.manylinux2014_ppc64le.whl", hash = "sha256:7c0104b4b7d2c75ccedbf1d9d5a3bd2daa75e51053935a44ba012e2fd4c43752", size = 145992 },
    { url = "https://files.pythonhosted.org/packages/e4/15/6c3e0bd846581ac4d8f588fb97f9a436f5d1f35f0aef57d5e19a19f720e2/simplejson-3.19.3-cp38-cp38-manylinux_2_5_i686.manylinux1_i686.manylinux_2_17_i686.manylinux2014_i686.whl", hash = "sha256:1c49eeb94b8f09dc8a5843c156a22b8bde6aa1ddc65ca8ddc62dddcc001e6a2d", size = 133025 },
    { url = "https://files.pythonhosted.org/packages/96/ef/4384c2f76d44022ab59fe63406df3aa720ba4610aa6942f548fe406890ae/simplejson-3.19.3-cp38-cp38-manylinux_2_5_x86_64.manylinux1_x86_64.manylinux_2_17_x86_64.manylinux2014_x86_64.whl", hash = "sha256:3dc5c1a85ff388e98ea877042daec3d157b6db0d85bac6ba5498034689793e7e", size = 136627 },
    { url = "https://files.pythonhosted.org/packages/95/8b/d2a4b8b7d38bef824cc770ab0aa6276dc5976f3a5d5c57099cd403be36ab/simplejson-3.19.3-cp38-cp38-musllinux_1_2_aarch64.whl", hash = "sha256:49549e3d81ab4a58424405aa545602674d8c35c20e986b42bb8668e782a94bac", size = 136933 },
    { url = "https://files.pythonhosted.org/packages/7b/f7/bef9bc035f2e7eabc01469286238e99fd762010c714d3079925253d29f99/simplejson-3.19.3-cp38-cp38-musllinux_1_2_i686.whl", hash = "sha256:e1a1452ad5723ff129b081e3c8aa4ba56b8734fee4223355ed7b815a7ece69bc", size = 138179 },
    { url = "https://files.pythonhosted.org/packages/06/25/73d515708d8ae04ecaf67451b7d55ae7391ef2b18789387c10219c66eec9/simplejson-3.19.3-cp38-cp38-musllinux_1_2_ppc64le.whl", hash = "sha256:d0d5a63f1768fed7e78cf55712dee81f5a345e34d34224f3507ebf71df2b754d", size = 147068 },
    { url = "https://files.pythonhosted.org/packages/8f/b0/541709f6891e6c60cdbb77cb25ba6f568d960e219723a8f3b5caeb8b5323/simplejson-3.19.3-cp38-cp38-musllinux_1_2_x86_64.whl", hash = "sha256:7e062767ac165df9a46963f5735aa4eee0089ec1e48b3f2ec46182754b96f55e", size = 138735 },
    { url = "https://files.pythonhosted.org/packages/24/27/8ecd1e9f8649f5b82743ef895245182a3df0342cf7c870ee4e4951223d58/simplejson-3.19.3-cp38-cp38-win32.whl", hash = "sha256:56134bbafe458a7b21f6fddbf889d36bec6d903718f4430768e3af822f8e27c2", size = 74049 },
    { url = "https://files.pythonhosted.org/packages/6c/77/b811aeea91070a3c2e399b0de18a141bc6fa8488ff036d8f482204434ffc/simplejson-3.19.3-cp38-cp38-win_amd64.whl", hash = "sha256:bcde83a553a96dc7533736c547bddaa35414a2566ab0ecf7d3964fc4bdb84c11", size = 75587 },
    { url = "https://files.pythonhosted.org/packages/9a/3d/e7f1caf7fa8c004c30e2c0595a22646a178344a7f53924c11c3d263a8623/simplejson-3.19.3-cp39-cp39-macosx_10_9_universal2.whl", hash = "sha256:b5587feda2b65a79da985ae6d116daf6428bf7489992badc29fc96d16cd27b05", size = 93646 },
    { url = "https://files.pythonhosted.org/packages/01/40/ff5cae1b4ff35c7822456ad7d098371d697479d418194064b8aff8142d70/simplejson-3.19.3-cp39-cp39-macosx_10_9_x86_64.whl", hash = "sha256:e0d2b00ecbcd1a3c5ea1abc8bb99a26508f758c1759fd01c3be482a3655a176f", size = 75544 },
    { url = "https://files.pythonhosted.org/packages/56/a8/dbe799f3620a08337ff5f3be27df7b5ba5beb1ee06acaf75f3cb46f8d650/simplejson-3.19.3-cp39-cp39-macosx_11_0_arm64.whl", hash = "sha256:32a3ada8f3ea41db35e6d37b86dade03760f804628ec22e4fe775b703d567426", size = 75593 },
    { url = "https://files.pythonhosted.org/packages/d5/53/6ed299b9201ea914bb6a178a7e65413ed1969981533f50bfbe8a215be98f/simplejson-3.19.3-cp39-cp39-manylinux_2_17_aarch64.manylinux2014_aarch64.whl", hash = "sha256:6f455672f4738b0f47183c5896e3606cd65c9ddee3805a4d18e8c96aa3f47c84", size = 138077 },
    { url = "https://files.pythonhosted.org/packages/1c/73/14306559157a6faedb4ecae28ad907b64b5359be5c9ec79233546acb96a4/simplejson-3.19.3-cp39-cp39-manylinux_2_17_ppc64le.manylinux2014_ppc64le.whl", hash = "sha256:2b737a5fefedb8333fa50b8db3dcc9b1d18fd6c598f89fa7debff8b46bf4e511", size = 146307 },
    { url = "https://files.pythonhosted.org/packages/5b/1a/7994abb33e53ec972dd5e6dbb337b9070d3ad96017c4cff9d5dc83678ad4/simplejson-3.19.3-cp39-cp39-manylinux_2_5_i686.manylinux1_i686.manylinux_2_17_i686.manylinux2014_i686.whl", hash = "sha256:eb47ee773ce67476a960e2db4a0a906680c54f662521550828c0cc57d0099426", size = 133922 },
    { url = "https://files.pythonhosted.org/packages/08/15/8b4e1a8c7729b37797d0eab1381f517f928bd323d17efa7f4414c3565e1f/simplejson-3.19.3-cp39-cp39-manylinux_2_5_x86_64.manylinux1_x86_64.manylinux_2_17_x86_64.manylinux2014_x86_64.whl", hash = "sha256:eed8cd98a7b24861da9d3d937f5fbfb6657350c547528a117297fe49e3960667", size = 137367 },
    { url = "https://files.pythonhosted.org/packages/59/9a/f5b786fe611395564d3e84f58f668242a7a2e674b4fac71b4e6b21d6d2b7/simplejson-3.19.3-cp39-cp39-musllinux_1_2_aarch64.whl", hash = "sha256:619756f1dd634b5bdf57d9a3914300526c3b348188a765e45b8b08eabef0c94e", size = 139513 },
    { url = "https://files.pythonhosted.org/packages/4d/87/c310daf5e2f10306de3720f075f8ed74cbe83396879b8c55e832393233a5/simplejson-3.19.3-cp39-cp39-musllinux_1_2_i686.whl", hash = "sha256:dd7230d061e755d60a4d5445bae854afe33444cdb182f3815cff26ac9fb29a15", size = 139749 },
    { url = "https://files.pythonhosted.org/packages/fd/89/690880e1639b421a919d36fadf1fc364a38c3bc4f208dc11627426cdbe98/simplejson-3.19.3-cp39-cp39-musllinux_1_2_ppc64le.whl", hash = "sha256:101a3c8392028cd704a93c7cba8926594e775ca3c91e0bee82144e34190903f1", size = 148103 },
    { url = "https://files.pythonhosted.org/packages/a3/31/ef13eda5b5a0d8d9555b70151ee2956f63b845e1fac4ff904339dfb4dd89/simplejson-3.19.3-cp39-cp39-musllinux_1_2_x86_64.whl", hash = "sha256:1e557712fc79f251673aeb3fad3501d7d4da3a27eff0857af2e1d1afbbcf6685", size = 140740 },
    { url = "https://files.pythonhosted.org/packages/39/5f/26b0a036592e45a2cb4be2f53d8827257e169bd5c84744a1aac89b0ff56f/simplejson-3.19.3-cp39-cp39-win32.whl", hash = "sha256:0bc5544e3128891bf613b9f71813ee2ec9c11574806f74dd8bb84e5e95bf64a2", size = 74115 },
    { url = "https://files.pythonhosted.org/packages/32/06/a35e2e1d8850aff1cf1320d4887bd5f97921c8964a1e260983d38d5d6c17/simplejson-3.19.3-cp39-cp39-win_amd64.whl", hash = "sha256:06662392e4913dc8846d6a71a6d5de86db5fba244831abe1dd741d62a4136764", size = 75636 },
    { url = "https://files.pythonhosted.org/packages/0d/e7/f9fafbd4f39793a20cc52e77bbd766f7384312526d402c382928dc7667f6/simplejson-3.19.3-py3-none-any.whl", hash = "sha256:49cc4c7b940d43bd12bf87ec63f28cbc4964fc4e12c031cc8cd01650f43eb94e", size = 57004 },
]

[[package]]
name = "six"
version = "1.16.0"
source = { registry = "https://pypi.org/simple" }
sdist = { url = "https://files.pythonhosted.org/packages/71/39/171f1c67cd00715f190ba0b100d606d440a28c93c7714febeca8b79af85e/six-1.16.0.tar.gz", hash = "sha256:1e61c37477a1626458e36f7b1d82aa5c9b094fa4802892072e49de9c60c4c926", size = 34041 }
wheels = [
    { url = "https://files.pythonhosted.org/packages/d9/5a/e7c31adbe875f2abbb91bd84cf2dc52d792b5a01506781dbcf25c91daf11/six-1.16.0-py2.py3-none-any.whl", hash = "sha256:8abb2f1d86890a2dfb989f9a77cfcfd3e47c2a354b01111771326f8aa26e0254", size = 11053 },
]

[[package]]
name = "testsolar-testtool-sdk-py2"
version = "0.4.7"
source = { editable = "." }
dependencies = [
    { name = "enum34" },
    { name = "simplejson" },
    { name = "six" },
]

[package.dev-dependencies]
dev = [
    { name = "pytest" },
    { name = "pytest-cov" },
    { name = "ruff" },
    { name = "setuptools" },
]

[package.metadata]
requires-dist = [
    { name = "enum34", specifier = ">=1.1.10" },
    { name = "simplejson", specifier = ">=3.19.3" },
    { name = "six", specifier = ">=1.16.0" },
    { name = "typing", marker = "python_full_version < '3.5'", specifier = ">=3.10" },
]

[package.metadata.requires-dev]
dev = [
    { name = "pytest", specifier = ">=7" },
    { name = "pytest-cov", specifier = ">=4.1.0" },
    { name = "ruff", specifier = ">=0.7.4" },
    { name = "setuptools", specifier = ">=68.0.0" },
]

[[package]]
name = "toml"
version = "0.10.2"
source = { registry = "https://pypi.org/simple" }
sdist = { url = "https://files.pythonhosted.org/packages/be/ba/1f744cdc819428fc6b5084ec34d9b30660f6f9daaf70eead706e3203ec3c/toml-0.10.2.tar.gz", hash = "sha256:b3bda1d108d5dd99f4a20d24d9c348e91c4db7ab1b749200bded2f839ccbe68f", size = 22253 }
wheels = [
    { url = "https://files.pythonhosted.org/packages/44/6f/7120676b6d73228c96e17f1f794d8ab046fc910d781c8d151120c3f1569e/toml-0.10.2-py2.py3-none-any.whl", hash = "sha256:806143ae5bfb6a3c6e736a764057db0e6a0e05e338b5630894a5f779cabb4f9b", size = 16588 },
]

[[package]]
name = "tomli"
version = "2.0.1"
source = { registry = "https://pypi.org/simple" }
sdist = { url = "https://files.pythonhosted.org/packages/c0/3f/d7af728f075fb08564c5949a9c95e44352e23dee646869fa104a3b2060a3/tomli-2.0.1.tar.gz", hash = "sha256:de526c12914f0c550d15924c62d72abc48d6fe7364aa87328337a31007fe8a4f", size = 15164 }
wheels = [
    { url = "https://files.pythonhosted.org/packages/97/75/10a9ebee3fd790d20926a90a2547f0bf78f371b2f13aa822c759680ca7b9/tomli-2.0.1-py3-none-any.whl", hash = "sha256:939de3e7a6161af0c887ef91b7d41a53e7c5a1ca976325f429cb46ea9bc30ecc", size = 12757 },
]

[[package]]
name = "zipp"
version = "1.2.0"
source = { registry = "https://pypi.org/simple" }
sdist = { url = "https://files.pythonhosted.org/packages/78/08/d52f0ea643bc1068d6dc98b412f4966a9b63255d20911a23ac3220c033c4/zipp-1.2.0.tar.gz", hash = "sha256:c70410551488251b0fee67b460fb9a536af8d6f9f008ad10ac51f615b6a521b1", size = 13357 }
wheels = [
    { url = "https://files.pythonhosted.org/packages/96/0a/67556e9b7782df7118c1f49bdc494da5e5e429c93aa77965f33e81287c8c/zipp-1.2.0-py2.py3-none-any.whl", hash = "sha256:e0d9e63797e483a30d27e09fffd308c59a700d365ec34e93cc100844168bf921", size = 4821 },
]
