{
  "name": "code",
  "lockfileVersion": 3,
  "requires": true,
  "packages": {
    "": {
      "dependencies": {
        "acorn": "^8.12.1",
        "acorn-loose": "^8.4.0"
      }
    },
    "node_modules/acorn": {
      "version": "8.14.0",
      "resolved": "https://registry.npmjs.org/acorn/-/acorn-8.14.0.tgz",
      "integrity": "sha512-cl669nCJTZBsL97OF4kUQm5g5hC2uihk0NxY3WENAC0TYdILVkAyHymAntgxGkl7K+t0cXIrH5siy5S4XkFycA==",
      "bin": {
        "acorn": "bin/acorn"
      },
      "engines": {
        "node": ">=0.4.0"
      }
    },
    "node_modules/acorn-loose": {
      "version": "8.4.0",
      "resolved": "https://registry.npmjs.org/acorn-loose/-/acorn-loose-8.4.0.tgz",
      "integrity": "sha512-M0EUka6rb+QC4l9Z3T0nJEzNOO7JcoJlYMrBlyBCiFSXRyxjLKayd4TbQs2FDRWQU1h9FR7QVNHt+PEaoNL5rQ==",
      "dependencies": {
        "acorn": "^8.11.0"
      },
      "engines": {
        "node": ">=0.4.0"
      }
    }
  }
}
